github.com/logx-go/commons v0.0.9 h1:Zf7rIKvDAB8sQcMaxUFf2MxXnvmDjJ8m5FrrPA51IU0=
github.com/logx-go/commons v0.0.9/go.mod h1:0iynIO8Q2hsJ3ChSITPyvpCa7fvTS/CLvCDnAy+JmKc=
github.com/logx-go/contract v0.0.7 h1:T8GnJVsUJeFutFJfV2uc7DHS1IFyLV5eqhh7yiMlBsQ=
github.com/logx-go/contract v0.0.7/go.mod h1:L/PvzT7VCYmBko01BubFTY8Wdodx68nBwVRQiBYZ024=
