github.com/logx-go/commons v0.0.14 h1:AkazO3blMBp6byUqdJUzeOxCLCkIQbUcs/nlRSM47V0=
github.com/logx-go/commons v0.0.14/go.mod h1:0iynIO8Q2hsJ3ChSITPyvpCa7fvTS/CLvCDnAy+JmKc=
github.com/logx-go/contract v0.0.9 h1:c1eD6FFPvI7xqjCdtaA/JoKg2KzJTBhy/g8Bn9ZL404=
github.com/logx-go/contract v0.0.9/go.mod h1:L/PvzT7VCYmBko01BubFTY8Wdodx68nBwVRQiBYZ024=
