github.com/logx-go/commons v0.0.6 h1:oMcdNfJLrXOcqhzfYAclIzy2fvxLTzIJGATqXwEZHj0=
github.com/logx-go/commons v0.0.6/go.mod h1:0iynIO8Q2hsJ3ChSITPyvpCa7fvTS/CLvCDnAy+JmKc=
github.com/logx-go/contract v0.0.4 h1:xk0cbZImHoNceDC2gUqSruF9MNUo7N0caHmncoq3Z6g=
github.com/logx-go/contract v0.0.4/go.mod h1:L/PvzT7VCYmBko01BubFTY8Wdodx68nBwVRQiBYZ024=
